
Microsoft Visual Studio Solution File, Format Version 12.00
# Visual Studio Version 16
VisualStudioVersion = 16.0.30011.22
MinimumVisualStudioVersion = 10.0.40219.1
Project("{2150E333-8FDC-42A3-9474-1A3956D46DE8}") = "HelloWord", "HelloWord", "{18D08B7B-4ED5-49B7-9A2D-ABEC3A3D8C01}"
EndProject
Project("{FAE04EC0-301F-11D3-BF4B-00C04F79EFBC}") = "OlaMundo", "OlaMundo\OlaMundo.csproj", "{B87B6F61-F978-47A2-AA7E-CC24FC2C1827}"
EndProject
Project("{2150E333-8FDC-42A3-9474-1A3956D46DE8}") = "Entrada", "Entrada", "{2B5DCECC-7582-456A-A406-C2B998367714}"
EndProject
Project("{FAE04EC0-301F-11D3-BF4B-00C04F79EFBC}") = "Entradas", "Entradas\Entradas.csproj", "{C02F38E4-61A8-4DDC-8DA9-999776DDE3BC}"
EndProject
Project("{2150E333-8FDC-42A3-9474-1A3956D46DE8}") = "Calculadora", "Calculadora", "{5D05B5AC-445F-4C79-970D-4BFD0BA909A5}"
EndProject
Project("{FAE04EC0-301F-11D3-BF4B-00C04F79EFBC}") = "Calculadora", "Calculadora\Calculadora.csproj", "{E457AD36-C391-4600-8F3A-300C531C676F}"
EndProject
Project("{2150E333-8FDC-42A3-9474-1A3956D46DE8}") = "IMC", "IMC", "{49D583A5-63BC-4736-A502-63893BF2FC6E}"
EndProject
Project("{FAE04EC0-301F-11D3-BF4B-00C04F79EFBC}") = "IMC", "MMC\IMC.csproj", "{BA1C640F-C2A1-400C-8616-B04547CF73F5}"
EndProject
Project("{2150E333-8FDC-42A3-9474-1A3956D46DE8}") = "FOR", "FOR", "{397FD139-B8FE-4C6F-9E40-6DB9A27B5BDA}"
EndProject
Project("{FAE04EC0-301F-11D3-BF4B-00C04F79EFBC}") = "FOR", "FOR\FOR.csproj", "{F3A29300-FAE0-4418-BCE8-456202858239}"
EndProject
Project("{2150E333-8FDC-42A3-9474-1A3956D46DE8}") = "Wrile", "Wrile", "{35DE3637-B668-4A26-800A-CBDFDFD8CC44}"
EndProject
Project("{FAE04EC0-301F-11D3-BF4B-00C04F79EFBC}") = "wrile", "wrile\wrile.csproj", "{8815E051-2CE4-4DBE-9018-2C5826239255}"
EndProject
Project("{2150E333-8FDC-42A3-9474-1A3956D46DE8}") = "DoWrile", "DoWrile", "{57229728-3406-4102-BF73-E7C25CD127D1}"
EndProject
Project("{FAE04EC0-301F-11D3-BF4B-00C04F79EFBC}") = "DoWrile", "DoWrile\DoWrile.csproj", "{C3299D99-F65D-4BA3-943B-E41027DDFDD5}"
EndProject
Project("{2150E333-8FDC-42A3-9474-1A3956D46DE8}") = "Array", "Array", "{5E154ED4-9191-468B-96CE-6F07BE748B8E}"
EndProject
Project("{FAE04EC0-301F-11D3-BF4B-00C04F79EFBC}") = "Array", "Array\Array.csproj", "{99BD23BE-BF7E-45A4-8BA2-11FABDE03148}"
EndProject
Project("{FAE04EC0-301F-11D3-BF4B-00C04F79EFBC}") = "Matrizes", "Matrizes\Matrizes.csproj", "{E52866A3-6D52-4D72-BD65-FF75CB0B0CA6}"
EndProject
Global
	GlobalSection(SolutionConfigurationPlatforms) = preSolution
		Debug|Any CPU = Debug|Any CPU
		Release|Any CPU = Release|Any CPU
	EndGlobalSection
	GlobalSection(ProjectConfigurationPlatforms) = postSolution
		{B87B6F61-F978-47A2-AA7E-CC24FC2C1827}.Debug|Any CPU.ActiveCfg = Debug|Any CPU
		{B87B6F61-F978-47A2-AA7E-CC24FC2C1827}.Debug|Any CPU.Build.0 = Debug|Any CPU
		{B87B6F61-F978-47A2-AA7E-CC24FC2C1827}.Release|Any CPU.ActiveCfg = Release|Any CPU
		{B87B6F61-F978-47A2-AA7E-CC24FC2C1827}.Release|Any CPU.Build.0 = Release|Any CPU
		{C02F38E4-61A8-4DDC-8DA9-999776DDE3BC}.Debug|Any CPU.ActiveCfg = Debug|Any CPU
		{C02F38E4-61A8-4DDC-8DA9-999776DDE3BC}.Debug|Any CPU.Build.0 = Debug|Any CPU
		{C02F38E4-61A8-4DDC-8DA9-999776DDE3BC}.Release|Any CPU.ActiveCfg = Release|Any CPU
		{C02F38E4-61A8-4DDC-8DA9-999776DDE3BC}.Release|Any CPU.Build.0 = Release|Any CPU
		{E457AD36-C391-4600-8F3A-300C531C676F}.Debug|Any CPU.ActiveCfg = Debug|Any CPU
		{E457AD36-C391-4600-8F3A-300C531C676F}.Debug|Any CPU.Build.0 = Debug|Any CPU
		{E457AD36-C391-4600-8F3A-300C531C676F}.Release|Any CPU.ActiveCfg = Release|Any CPU
		{E457AD36-C391-4600-8F3A-300C531C676F}.Release|Any CPU.Build.0 = Release|Any CPU
		{BA1C640F-C2A1-400C-8616-B04547CF73F5}.Debug|Any CPU.ActiveCfg = Debug|Any CPU
		{BA1C640F-C2A1-400C-8616-B04547CF73F5}.Debug|Any CPU.Build.0 = Debug|Any CPU
		{BA1C640F-C2A1-400C-8616-B04547CF73F5}.Release|Any CPU.ActiveCfg = Release|Any CPU
		{BA1C640F-C2A1-400C-8616-B04547CF73F5}.Release|Any CPU.Build.0 = Release|Any CPU
		{F3A29300-FAE0-4418-BCE8-456202858239}.Debug|Any CPU.ActiveCfg = Debug|Any CPU
		{F3A29300-FAE0-4418-BCE8-456202858239}.Debug|Any CPU.Build.0 = Debug|Any CPU
		{F3A29300-FAE0-4418-BCE8-456202858239}.Release|Any CPU.ActiveCfg = Release|Any CPU
		{F3A29300-FAE0-4418-BCE8-456202858239}.Release|Any CPU.Build.0 = Release|Any CPU
		{8815E051-2CE4-4DBE-9018-2C5826239255}.Debug|Any CPU.ActiveCfg = Debug|Any CPU
		{8815E051-2CE4-4DBE-9018-2C5826239255}.Debug|Any CPU.Build.0 = Debug|Any CPU
		{8815E051-2CE4-4DBE-9018-2C5826239255}.Release|Any CPU.ActiveCfg = Release|Any CPU
		{8815E051-2CE4-4DBE-9018-2C5826239255}.Release|Any CPU.Build.0 = Release|Any CPU
		{C3299D99-F65D-4BA3-943B-E41027DDFDD5}.Debug|Any CPU.ActiveCfg = Debug|Any CPU
		{C3299D99-F65D-4BA3-943B-E41027DDFDD5}.Debug|Any CPU.Build.0 = Debug|Any CPU
		{C3299D99-F65D-4BA3-943B-E41027DDFDD5}.Release|Any CPU.ActiveCfg = Release|Any CPU
		{C3299D99-F65D-4BA3-943B-E41027DDFDD5}.Release|Any CPU.Build.0 = Release|Any CPU
		{99BD23BE-BF7E-45A4-8BA2-11FABDE03148}.Debug|Any CPU.ActiveCfg = Debug|Any CPU
		{99BD23BE-BF7E-45A4-8BA2-11FABDE03148}.Debug|Any CPU.Build.0 = Debug|Any CPU
		{99BD23BE-BF7E-45A4-8BA2-11FABDE03148}.Release|Any CPU.ActiveCfg = Release|Any CPU
		{99BD23BE-BF7E-45A4-8BA2-11FABDE03148}.Release|Any CPU.Build.0 = Release|Any CPU
		{E52866A3-6D52-4D72-BD65-FF75CB0B0CA6}.Debug|Any CPU.ActiveCfg = Debug|Any CPU
		{E52866A3-6D52-4D72-BD65-FF75CB0B0CA6}.Debug|Any CPU.Build.0 = Debug|Any CPU
		{E52866A3-6D52-4D72-BD65-FF75CB0B0CA6}.Release|Any CPU.ActiveCfg = Release|Any CPU
		{E52866A3-6D52-4D72-BD65-FF75CB0B0CA6}.Release|Any CPU.Build.0 = Release|Any CPU
	EndGlobalSection
	GlobalSection(SolutionProperties) = preSolution
		HideSolutionNode = FALSE
	EndGlobalSection
	GlobalSection(NestedProjects) = preSolution
		{B87B6F61-F978-47A2-AA7E-CC24FC2C1827} = {18D08B7B-4ED5-49B7-9A2D-ABEC3A3D8C01}
		{C02F38E4-61A8-4DDC-8DA9-999776DDE3BC} = {2B5DCECC-7582-456A-A406-C2B998367714}
		{E457AD36-C391-4600-8F3A-300C531C676F} = {5D05B5AC-445F-4C79-970D-4BFD0BA909A5}
		{BA1C640F-C2A1-400C-8616-B04547CF73F5} = {49D583A5-63BC-4736-A502-63893BF2FC6E}
		{F3A29300-FAE0-4418-BCE8-456202858239} = {397FD139-B8FE-4C6F-9E40-6DB9A27B5BDA}
		{8815E051-2CE4-4DBE-9018-2C5826239255} = {35DE3637-B668-4A26-800A-CBDFDFD8CC44}
		{C3299D99-F65D-4BA3-943B-E41027DDFDD5} = {57229728-3406-4102-BF73-E7C25CD127D1}
		{99BD23BE-BF7E-45A4-8BA2-11FABDE03148} = {5E154ED4-9191-468B-96CE-6F07BE748B8E}
		{E52866A3-6D52-4D72-BD65-FF75CB0B0CA6} = {5E154ED4-9191-468B-96CE-6F07BE748B8E}
	EndGlobalSection
	GlobalSection(ExtensibilityGlobals) = postSolution
		SolutionGuid = {C982CB86-D64C-4A3A-A4D7-E44DA2E8FA1D}
	EndGlobalSection
EndGlobal
